
Microsoft Visual Studio Solution File, Format Version 12.00
# Visual Studio Version 17
VisualStudioVersion = 17.2.32616.157
MinimumVisualStudioVersion = 10.0.40219.1
Project("{FAE04EC0-301F-11D3-BF4B-00C04F79EFBC}") = "jogo-da-memoria", "jogo-da-memoria\jogo-da-memoria.csproj", "{FB9FB327-41CA-4847-B44E-80F94DC3B3D3}"
EndProject
Global
	GlobalSection(SolutionConfigurationPlatforms) = preSolution
		Debug|Any CPU = Debug|Any CPU
		Release|Any CPU = Release|Any CPU
	EndGlobalSection
	GlobalSection(ProjectConfigurationPlatforms) = postSolution
		{FB9FB327-41CA-4847-B44E-80F94DC3B3D3}.Debug|Any CPU.ActiveCfg = Debug|Any CPU
		{FB9FB327-41CA-4847-B44E-80F94DC3B3D3}.Debug|Any CPU.Build.0 = Debug|Any CPU
		{FB9FB327-41CA-4847-B44E-80F94DC3B3D3}.Release|Any CPU.ActiveCfg = Release|Any CPU
		{FB9FB327-41CA-4847-B44E-80F94DC3B3D3}.Release|Any CPU.Build.0 = Release|Any CPU
	EndGlobalSection
	GlobalSection(SolutionProperties) = preSolution
		HideSolutionNode = FALSE
	EndGlobalSection
	GlobalSection(ExtensibilityGlobals) = postSolution
		SolutionGuid = {827DB08F-0BBB-480D-B4BD-D72CF4C6E8B8}
	EndGlobalSection
EndGlobal
